{
  "nodes": {
    "nixpkgs": {
      "locked": {
        "lastModified": 1611592324,
        "narHash": "sha256-oDCoBorS9MYcZmDO1R2qaAUYbyUtQtTGxBOgTlEDQ9E=",
        "owner": "nixos",
        "repo": "nixpkgs",
        "rev": "88033a4862c1eb55929b8a4163da2137f377e6af",
        "type": "github"
      },
      "original": {
        "owner": "nixos",
        "ref": "88033a4862c1eb55929b8a4163da2137f377e6af",
        "repo": "nixpkgs",
        "type": "github"
      }
    },
    "root": {
      "inputs": {
        "nixpkgs": "nixpkgs"
      }
    }
  },
  "root": "root",
  "version": 7
}
